
Microsoft Visual Studio Solution File, Format Version 12.00
# Visual Studio Version 16
VisualStudioVersion = 16.0.30804.86
MinimumVisualStudioVersion = 10.0.40219.1
Project("{9A19103F-16F7-4668-BE54-9A1E7A4F7556}") = "PhysicalPersonsDirectory.Api", "PhysicalPersonsDirectory.Api\PhysicalPersonsDirectory.Api.csproj", "{5E6FE6C4-7A90-4F6A-9E84-DE6E4B421080}"
EndProject
Project("{9A19103F-16F7-4668-BE54-9A1E7A4F7556}") = "PhysicalPersonsDirectory.Domain", "PhysicalPersonsDirectory.Domain\PhysicalPersonsDirectory.Domain.csproj", "{989BE251-4A47-4DA6-A1FB-D36D7DB6ECFC}"
EndProject
Project("{FAE04EC0-301F-11D3-BF4B-00C04F79EFBC}") = "PhysicalPersonsDirectory.Common", "PhysicalPersonsDirectory.Common\PhysicalPersonsDirectory.Common.csproj", "{DB0EC8C4-CBC1-41AE-A0F6-7418013AB159}"
EndProject
Project("{FAE04EC0-301F-11D3-BF4B-00C04F79EFBC}") = "PhysicalPersonsDirectory.Services", "PhysicalPersonsDirectory.Services\PhysicalPersonsDirectory.Services.csproj", "{BD44B76B-F87F-4479-B6B4-90231F7BA302}"
EndProject
Project("{FAE04EC0-301F-11D3-BF4B-00C04F79EFBC}") = "PhysicalPersonsDirectory.Services.Models", "PhysicalPersonsDirectory.Services.Models\PhysicalPersonsDirectory.Services.Models.csproj", "{FDCD0E45-6B83-44A0-A922-1FC1147D0749}"
EndProject
Global
	GlobalSection(SolutionConfigurationPlatforms) = preSolution
		Debug|Any CPU = Debug|Any CPU
		Release|Any CPU = Release|Any CPU
	EndGlobalSection
	GlobalSection(ProjectConfigurationPlatforms) = postSolution
		{5E6FE6C4-7A90-4F6A-9E84-DE6E4B421080}.Debug|Any CPU.ActiveCfg = Debug|Any CPU
		{5E6FE6C4-7A90-4F6A-9E84-DE6E4B421080}.Debug|Any CPU.Build.0 = Debug|Any CPU
		{5E6FE6C4-7A90-4F6A-9E84-DE6E4B421080}.Release|Any CPU.ActiveCfg = Release|Any CPU
		{5E6FE6C4-7A90-4F6A-9E84-DE6E4B421080}.Release|Any CPU.Build.0 = Release|Any CPU
		{989BE251-4A47-4DA6-A1FB-D36D7DB6ECFC}.Debug|Any CPU.ActiveCfg = Debug|Any CPU
		{989BE251-4A47-4DA6-A1FB-D36D7DB6ECFC}.Debug|Any CPU.Build.0 = Debug|Any CPU
		{989BE251-4A47-4DA6-A1FB-D36D7DB6ECFC}.Release|Any CPU.ActiveCfg = Release|Any CPU
		{989BE251-4A47-4DA6-A1FB-D36D7DB6ECFC}.Release|Any CPU.Build.0 = Release|Any CPU
		{DB0EC8C4-CBC1-41AE-A0F6-7418013AB159}.Debug|Any CPU.ActiveCfg = Debug|Any CPU
		{DB0EC8C4-CBC1-41AE-A0F6-7418013AB159}.Debug|Any CPU.Build.0 = Debug|Any CPU
		{DB0EC8C4-CBC1-41AE-A0F6-7418013AB159}.Release|Any CPU.ActiveCfg = Release|Any CPU
		{DB0EC8C4-CBC1-41AE-A0F6-7418013AB159}.Release|Any CPU.Build.0 = Release|Any CPU
		{BD44B76B-F87F-4479-B6B4-90231F7BA302}.Debug|Any CPU.ActiveCfg = Debug|Any CPU
		{BD44B76B-F87F-4479-B6B4-90231F7BA302}.Debug|Any CPU.Build.0 = Debug|Any CPU
		{BD44B76B-F87F-4479-B6B4-90231F7BA302}.Release|Any CPU.ActiveCfg = Release|Any CPU
		{BD44B76B-F87F-4479-B6B4-90231F7BA302}.Release|Any CPU.Build.0 = Release|Any CPU
		{FDCD0E45-6B83-44A0-A922-1FC1147D0749}.Debug|Any CPU.ActiveCfg = Debug|Any CPU
		{FDCD0E45-6B83-44A0-A922-1FC1147D0749}.Debug|Any CPU.Build.0 = Debug|Any CPU
		{FDCD0E45-6B83-44A0-A922-1FC1147D0749}.Release|Any CPU.ActiveCfg = Release|Any CPU
		{FDCD0E45-6B83-44A0-A922-1FC1147D0749}.Release|Any CPU.Build.0 = Release|Any CPU
	EndGlobalSection
	GlobalSection(SolutionProperties) = preSolution
		HideSolutionNode = FALSE
	EndGlobalSection
	GlobalSection(ExtensibilityGlobals) = postSolution
		SolutionGuid = {0032AA66-2C8B-4D9D-814C-913FB1F81C76}
	EndGlobalSection
EndGlobal
